hash: a0e95f3478e48656352a9ce5f9db3282a54f5565799b020f9cd6afa98ae28060
updated: 2018-05-24T02:42:32.165844955+09:00
imports:
- name: github.com/beorn7/perks
  version: 4c0e84591b9aa9e6dcfdf3e020114cd81f89d5f9
  subpackages:
  - quantile
- name: github.com/golang/protobuf
  version: 1e59b77b52bf8e4b449a57e6f79f21226d571845
  subpackages:
  - proto
- name: github.com/google/go-querystring
  version: 53e6ce116135b80d037921a7fdd5138cf32d7a8a
  subpackages:
  - query
- name: github.com/json-iterator/go
  version: f7279a603edee96fe7764d3de9c6ff8cf9970994
- name: github.com/kkohtaka/go-bitflyer
  version: d68d3059add070d16bc4ddde411a63c9c22763ee
  subpackages:
  - pkg/api
  - pkg/api/auth
  - pkg/api/httpclient
  - pkg/api/v1
  - pkg/api/v1/addresses
  - pkg/api/v1/balance
  - pkg/api/v1/bankaccounts
  - pkg/api/v1/board
  - pkg/api/v1/chats
  - pkg/api/v1/coinins
  - pkg/api/v1/coinouts
  - pkg/api/v1/collateral
  - pkg/api/v1/collateralaccounts
  - pkg/api/v1/executions
  - pkg/api/v1/health
  - pkg/api/v1/markets
  - pkg/api/v1/permissions
  - pkg/api/v1/ticker
  - pkg/api/v1/types
- name: github.com/matttproud/golang_protobuf_extensions
  version: c12348ce28de40eed0136aa2b644d0ee0650e56c
  subpackages:
  - pbutil
- name: github.com/pkg/errors
  version: 645ef00459ed84a119197bfb8d8205042c6df63d
- name: github.com/prometheus/client_golang
  version: 967789050ba94deca04a5e84cce8ad472ce313c1
  subpackages:
  - prometheus
  - prometheus/promhttp
- name: github.com/prometheus/client_model
  version: 99fa1f4be8e564e8a6b613da7fa6f46c9edafc6c
  subpackages:
  - go
- name: github.com/prometheus/common
  version: 2e54d0b93cba2fd133edc32211dcc32c06ef72ca
  subpackages:
  - expfmt
  - internal/bitbucket.org/ww/goautoneg
  - model
- name: github.com/prometheus/procfs
  version: a6e9df898b1336106c743392c48ee0b71f5c4efa
  subpackages:
  - xfs
- name: github.com/sirupsen/logrus
  version: c155da19408a8799da419ed3eeb0cb5db0ad5dbc
- name: golang.org/x/crypto
  version: 9419663f5a44be8b34ca85f08abc5fe1be11f8a3
  subpackages:
  - ssh/terminal
- name: golang.org/x/sys
  version: 88eb85aaee56831ad49eaf7aa80d73de9814cde2
  subpackages:
  - unix
  - windows
testImports: []
